Microsoft Visual Studio Solution File, Format Version 12.00
# Visual Studio Version 17
VisualStudioVersion = 17.5.2.0
MinimumVisualStudioVersion = 10.0.40219.1
Project("{FAE04EC0-301F-11D3-BF4B-00C04F79EFBC}") = "WebBanHangOnline", "WebBanHangOnline.csproj", "{0BB1D45A-2C2E-E6CA-73DD-A2A5A3FD67C9}"
EndProject
Global
	GlobalSection(SolutionConfigurationPlatforms) = preSolution
		Debug|Any CPU = Debug|Any CPU
		Release|Any CPU = Release|Any CPU
	EndGlobalSection
	GlobalSection(ProjectConfigurationPlatforms) = postSolution
		{0BB1D45A-2C2E-E6CA-73DD-A2A5A3FD67C9}.Debug|Any CPU.ActiveCfg = Debug|Any CPU
		{0BB1D45A-2C2E-E6CA-73DD-A2A5A3FD67C9}.Debug|Any CPU.Build.0 = Debug|Any CPU
		{0BB1D45A-2C2E-E6CA-73DD-A2A5A3FD67C9}.Release|Any CPU.ActiveCfg = Release|Any CPU
		{0BB1D45A-2C2E-E6CA-73DD-A2A5A3FD67C9}.Release|Any CPU.Build.0 = Release|Any CPU
	EndGlobalSection
	GlobalSection(SolutionProperties) = preSolution
		HideSolutionNode = FALSE
	EndGlobalSection
	GlobalSection(ExtensibilityGlobals) = postSolution
		SolutionGuid = {A92637D2-4989-487C-B2FA-7237886C3603}
	EndGlobalSection
EndGlobal
